
Microsoft Visual Studio Solution File, Format Version 12.00
# Visual Studio Version 16
VisualStudioVersion = 16.0.29409.12
MinimumVisualStudioVersion = 10.0.40219.1
Project("{FAE04EC0-301F-11D3-BF4B-00C04F79EFBC}") = "NUnitTesting", "NUnitTesting\NUnitTesting.csproj", "{2658E730-C70D-439F-96A2-95966FCE4022}"
EndProject
Project("{FAE04EC0-301F-11D3-BF4B-00C04F79EFBC}") = "TestClass", "TestClass\TestClass.csproj", "{BA65F207-8CE3-4FEC-8687-64238F5B2C3D}"
EndProject
Global
	GlobalSection(SolutionConfigurationPlatforms) = preSolution
		Debug|Any CPU = Debug|Any CPU
		Release|Any CPU = Release|Any CPU
	EndGlobalSection
	GlobalSection(ProjectConfigurationPlatforms) = postSolution
		{2658E730-C70D-439F-96A2-95966FCE4022}.Debug|Any CPU.ActiveCfg = Debug|Any CPU
		{2658E730-C70D-439F-96A2-95966FCE4022}.Debug|Any CPU.Build.0 = Debug|Any CPU
		{2658E730-C70D-439F-96A2-95966FCE4022}.Release|Any CPU.ActiveCfg = Release|Any CPU
		{2658E730-C70D-439F-96A2-95966FCE4022}.Release|Any CPU.Build.0 = Release|Any CPU
		{BA65F207-8CE3-4FEC-8687-64238F5B2C3D}.Debug|Any CPU.ActiveCfg = Debug|Any CPU
		{BA65F207-8CE3-4FEC-8687-64238F5B2C3D}.Debug|Any CPU.Build.0 = Debug|Any CPU
		{BA65F207-8CE3-4FEC-8687-64238F5B2C3D}.Release|Any CPU.ActiveCfg = Release|Any CPU
		{BA65F207-8CE3-4FEC-8687-64238F5B2C3D}.Release|Any CPU.Build.0 = Release|Any CPU
	EndGlobalSection
	GlobalSection(SolutionProperties) = preSolution
		HideSolutionNode = FALSE
	EndGlobalSection
	GlobalSection(ExtensibilityGlobals) = postSolution
		SolutionGuid = {0F83A41C-FF53-40A3-95A0-17D002BA85A0}
	EndGlobalSection
EndGlobal
